
Microsoft Visual Studio Solution File, Format Version 12.00
# Visual Studio Version 18
VisualStudioVersion = 18.6.11819.183 stable
MinimumVisualStudioVersion = 10.0.40219.1
Project("{FAE04EC0-301F-11D3-BF4B-00C04F79EFBC}") = "PassTheWord", "PassTheWord\PassTheWord.csproj", "{5114B774-9E4F-4048-9235-17BC5AA456D5}"
EndProject
Project("{FAE04EC0-301F-11D3-BF4B-00C04F79EFBC}") = "PassTheWord.Tests", "PassTheWord.Tests\PassTheWord.Tests.csproj", "{A7DE74A2-B6B3-40DD-9723-036E1395417D}"
EndProject
Global
	GlobalSection(SolutionConfigurationPlatforms) = preSolution
		Debug|Any CPU = Debug|Any CPU
		Release|Any CPU = Release|Any CPU
	EndGlobalSection
	GlobalSection(ProjectConfigurationPlatforms) = postSolution
		{5114B774-9E4F-4048-9235-17BC5AA456D5}.Debug|Any CPU.ActiveCfg = Debug|Any CPU
		{5114B774-9E4F-4048-9235-17BC5AA456D5}.Debug|Any CPU.Build.0 = Debug|Any CPU
		{5114B774-9E4F-4048-9235-17BC5AA456D5}.Release|Any CPU.ActiveCfg = Release|Any CPU
		{5114B774-9E4F-4048-9235-17BC5AA456D5}.Release|Any CPU.Build.0 = Release|Any CPU
		{A7DE74A2-B6B3-40DD-9723-036E1395417D}.Debug|Any CPU.ActiveCfg = Debug|Any CPU
		{A7DE74A2-B6B3-40DD-9723-036E1395417D}.Debug|Any CPU.Build.0 = Debug|Any CPU
		{A7DE74A2-B6B3-40DD-9723-036E1395417D}.Release|Any CPU.ActiveCfg = Release|Any CPU
		{A7DE74A2-B6B3-40DD-9723-036E1395417D}.Release|Any CPU.Build.0 = Release|Any CPU
	EndGlobalSection
	GlobalSection(SolutionProperties) = preSolution
		HideSolutionNode = FALSE
	EndGlobalSection
	GlobalSection(ExtensibilityGlobals) = postSolution
		SolutionGuid = {7564BC10-16D0-4796-B24B-44EE8C10B810}
	EndGlobalSection
EndGlobal
